
Microsoft Visual Studio Solution File, Format Version 12.00
# Visual Studio Version 17
VisualStudioVersion = 17.5.33424.131
MinimumVisualStudioVersion = 10.0.40219.1
Project("{FAE04EC0-301F-11D3-BF4B-00C04F79EFBC}") = "Exercises02", "Exercises02\Exercises02.csproj", "{1A0F0A46-D8AE-4BCB-BF63-9985CC74D809}"
EndProject
Global
	GlobalSection(SolutionConfigurationPlatforms) = preSolution
		Debug|Any CPU = Debug|Any CPU
		Release|Any CPU = Release|Any CPU
	EndGlobalSection
	GlobalSection(ProjectConfigurationPlatforms) = postSolution
		{1A0F0A46-D8AE-4BCB-BF63-9985CC74D809}.Debug|Any CPU.ActiveCfg = Debug|Any CPU
		{1A0F0A46-D8AE-4BCB-BF63-9985CC74D809}.Debug|Any CPU.Build.0 = Debug|Any CPU
		{1A0F0A46-D8AE-4BCB-BF63-9985CC74D809}.Release|Any CPU.ActiveCfg = Release|Any CPU
		{1A0F0A46-D8AE-4BCB-BF63-9985CC74D809}.Release|Any CPU.Build.0 = Release|Any CPU
	EndGlobalSection
	GlobalSection(SolutionProperties) = preSolution
		HideSolutionNode = FALSE
	EndGlobalSection
	GlobalSection(ExtensibilityGlobals) = postSolution
		SolutionGuid = {DA332990-DAE8-4BA3-98C8-A763C7EC1445}
	EndGlobalSection
EndGlobal
